
Microsoft Visual Studio Solution File, Format Version 12.00
# Visual Studio Version 17
VisualStudioVersion = 17.0.31815.197
MinimumVisualStudioVersion = 10.0.40219.1
Project("{8BC9CEB8-8B4A-11D0-8D11-00A0C91BC942}") = "WBase", "WBase\WBase.vcxproj", "{4F3AE107-3FFD-4D5C-82A8-5034C0041562}"
EndProject
Project("{2150E333-8FDC-42A3-9474-1A3956D46DE8}") = "WLIb", "WLIb", "{5530107E-8B7B-4715-8C3F-CF9B7439D9D1}"
EndProject
Project("{8BC9CEB8-8B4A-11D0-8D11-00A0C91BC942}") = "WFramework", "WFramework\WFramework.vcxproj", "{0515BC6D-3FFD-4D0E-87FF-86793DCB777E}"
EndProject
Project("{8BC9CEB8-8B4A-11D0-8D11-00A0C91BC942}") = "WScheme", "WScheme\WScheme.vcxproj", "{596F0CDD-56FD-406E-A5E4-2D3D5EC7CA78}"
EndProject
Project("{8BC9CEB8-8B4A-11D0-8D11-00A0C91BC942}") = "Engine", "Engine\Engine.vcxproj", "{6946CA48-2E7E-4770-9D61-0F59C02D0271}"
EndProject
Project("{2150E333-8FDC-42A3-9474-1A3956D46DE8}") = "WTest", "WTest", "{3487DEE6-EE57-4467-AEA8-074325E1F3CE}"
EndProject
Project("{8BC9CEB8-8B4A-11D0-8D11-00A0C91BC942}") = "EngineTest", "WTest\EngineTest\EngineTest.vcxproj", "{C0772B63-3097-4CFB-A3B5-266D9144B6C4}"
EndProject
Project("{8BC9CEB8-8B4A-11D0-8D11-00A0C91BC942}") = "WSchemeTest", "WTest\WSchemeTest\WSchemeTest.vcxproj", "{2EBBB8C0-9BBC-4EB0-A1D6-597F46B8D565}"
EndProject
Project("{2150E333-8FDC-42A3-9474-1A3956D46DE8}") = "Tools", "Tools", "{52C76541-F7FC-467E-8CE7-5AFA2372D9AB}"
EndProject
Project("{8BC9CEB8-8B4A-11D0-8D11-00A0C91BC942}") = "NormalMapCompressor", "Tools\NormalMapCompressor\NormalMapCompressor.vcxproj", "{77D3DA43-3C20-42AD-91B6-8B57069C85AD}"
EndProject
Project("{8BC9CEB8-8B4A-11D0-8D11-00A0C91BC942}") = "imgui", "SDKs\imgui\imgui.vcxproj", "{0C2A4C4D-D4E4-4B3D-BD9D-2A9CBCA235D8}"
EndProject
Project("{8BC9CEB8-8B4A-11D0-8D11-00A0C91BC942}") = "DStorageArchive", "Tools\DStorageArchive\DStorageArchive.vcxproj", "{DBF5A10F-CD49-4484-A3F1-03FEEEA381FD}"
EndProject
Project("{2150E333-8FDC-42A3-9474-1A3956D46DE8}") = "WSharp", "WSharp", "{6775BC03-3D5E-4F2A-88FA-5CC71C803972}"
EndProject
Project("{9A19103F-16F7-4668-BE54-9A1E7A4F7556}") = "WSharpTool", "Tools\WSharpTool\WSharpTool.csproj", "{AB06A248-9165-43FF-A945-63BDFAF0671A}"
EndProject
Project("{9A19103F-16F7-4668-BE54-9A1E7A4F7556}") = "ClangSharpPInvokeGenerator", "Tools\WSharpTool\ClangSharp\ClangSharpPInvokeGenerator\ClangSharpPInvokeGenerator.csproj", "{9D23B4EF-4D7E-4F21-BD12-CA60E0BDA9EC}"
EndProject
Project("{9A19103F-16F7-4668-BE54-9A1E7A4F7556}") = "ClangSharp.PInvokeGenerator", "Tools\WSharpTool\ClangSharp\ClangSharp.PInvokeGenerator\ClangSharp.PInvokeGenerator.csproj", "{3DD30B97-9EE0-4082-A2B7-970BE93A3060}"
EndProject
Global
	GlobalSection(SolutionConfigurationPlatforms) = preSolution
		Debug|Any CPU = Debug|Any CPU
		Debug|x64 = Debug|x64
		Debug|x86 = Debug|x86
		Release|Any CPU = Release|Any CPU
		Release|x64 = Release|x64
		Release|x86 = Release|x86
	EndGlobalSection
	GlobalSection(ProjectConfigurationPlatforms) = postSolution
		{4F3AE107-3FFD-4D5C-82A8-5034C0041562}.Debug|Any CPU.ActiveCfg = Debug|x64
		{4F3AE107-3FFD-4D5C-82A8-5034C0041562}.Debug|Any CPU.Build.0 = Debug|x64
		{4F3AE107-3FFD-4D5C-82A8-5034C0041562}.Debug|x64.ActiveCfg = Debug|x64
		{4F3AE107-3FFD-4D5C-82A8-5034C0041562}.Debug|x64.Build.0 = Debug|x64
		{4F3AE107-3FFD-4D5C-82A8-5034C0041562}.Debug|x86.ActiveCfg = Debug|Win32
		{4F3AE107-3FFD-4D5C-82A8-5034C0041562}.Debug|x86.Build.0 = Debug|Win32
		{4F3AE107-3FFD-4D5C-82A8-5034C0041562}.Release|Any CPU.ActiveCfg = Release|x64
		{4F3AE107-3FFD-4D5C-82A8-5034C0041562}.Release|Any CPU.Build.0 = Release|x64
		{4F3AE107-3FFD-4D5C-82A8-5034C0041562}.Release|x64.ActiveCfg = Release|x64
		{4F3AE107-3FFD-4D5C-82A8-5034C0041562}.Release|x64.Build.0 = Release|x64
		{4F3AE107-3FFD-4D5C-82A8-5034C0041562}.Release|x86.ActiveCfg = Release|Win32
		{4F3AE107-3FFD-4D5C-82A8-5034C0041562}.Release|x86.Build.0 = Release|Win32
		{0515BC6D-3FFD-4D0E-87FF-86793DCB777E}.Debug|Any CPU.ActiveCfg = Debug|x64
		{0515BC6D-3FFD-4D0E-87FF-86793DCB777E}.Debug|Any CPU.Build.0 = Debug|x64
		{0515BC6D-3FFD-4D0E-87FF-86793DCB777E}.Debug|x64.ActiveCfg = Debug|x64
		{0515BC6D-3FFD-4D0E-87FF-86793DCB777E}.Debug|x64.Build.0 = Debug|x64
		{0515BC6D-3FFD-4D0E-87FF-86793DCB777E}.Debug|x86.ActiveCfg = Debug|Win32
		{0515BC6D-3FFD-4D0E-87FF-86793DCB777E}.Debug|x86.Build.0 = Debug|Win32
		{0515BC6D-3FFD-4D0E-87FF-86793DCB777E}.Release|Any CPU.ActiveCfg = Release|x64
		{0515BC6D-3FFD-4D0E-87FF-86793DCB777E}.Release|Any CPU.Build.0 = Release|x64
		{0515BC6D-3FFD-4D0E-87FF-86793DCB777E}.Release|x64.ActiveCfg = Release|x64
		{0515BC6D-3FFD-4D0E-87FF-86793DCB777E}.Release|x64.Build.0 = Release|x64
		{0515BC6D-3FFD-4D0E-87FF-86793DCB777E}.Release|x86.ActiveCfg = Release|Win32
		{0515BC6D-3FFD-4D0E-87FF-86793DCB777E}.Release|x86.Build.0 = Release|Win32
		{596F0CDD-56FD-406E-A5E4-2D3D5EC7CA78}.Debug|Any CPU.ActiveCfg = Debug|x64
		{596F0CDD-56FD-406E-A5E4-2D3D5EC7CA78}.Debug|Any CPU.Build.0 = Debug|x64
		{596F0CDD-56FD-406E-A5E4-2D3D5EC7CA78}.Debug|x64.ActiveCfg = Debug|x64
		{596F0CDD-56FD-406E-A5E4-2D3D5EC7CA78}.Debug|x64.Build.0 = Debug|x64
		{596F0CDD-56FD-406E-A5E4-2D3D5EC7CA78}.Debug|x86.ActiveCfg = Debug|Win32
		{596F0CDD-56FD-406E-A5E4-2D3D5EC7CA78}.Debug|x86.Build.0 = Debug|Win32
		{596F0CDD-56FD-406E-A5E4-2D3D5EC7CA78}.Release|Any CPU.ActiveCfg = Release|x64
		{596F0CDD-56FD-406E-A5E4-2D3D5EC7CA78}.Release|Any CPU.Build.0 = Release|x64
		{596F0CDD-56FD-406E-A5E4-2D3D5EC7CA78}.Release|x64.ActiveCfg = Release|x64
		{596F0CDD-56FD-406E-A5E4-2D3D5EC7CA78}.Release|x64.Build.0 = Release|x64
		{596F0CDD-56FD-406E-A5E4-2D3D5EC7CA78}.Release|x86.ActiveCfg = Release|Win32
		{596F0CDD-56FD-406E-A5E4-2D3D5EC7CA78}.Release|x86.Build.0 = Release|Win32
		{6946CA48-2E7E-4770-9D61-0F59C02D0271}.Debug|Any CPU.ActiveCfg = Debug|x64
		{6946CA48-2E7E-4770-9D61-0F59C02D0271}.Debug|Any CPU.Build.0 = Debug|x64
		{6946CA48-2E7E-4770-9D61-0F59C02D0271}.Debug|x64.ActiveCfg = Debug|x64
		{6946CA48-2E7E-4770-9D61-0F59C02D0271}.Debug|x64.Build.0 = Debug|x64
		{6946CA48-2E7E-4770-9D61-0F59C02D0271}.Debug|x86.ActiveCfg = Debug|Win32
		{6946CA48-2E7E-4770-9D61-0F59C02D0271}.Debug|x86.Build.0 = Debug|Win32
		{6946CA48-2E7E-4770-9D61-0F59C02D0271}.Release|Any CPU.ActiveCfg = Release|x64
		{6946CA48-2E7E-4770-9D61-0F59C02D0271}.Release|Any CPU.Build.0 = Release|x64
		{6946CA48-2E7E-4770-9D61-0F59C02D0271}.Release|x64.ActiveCfg = Release|x64
		{6946CA48-2E7E-4770-9D61-0F59C02D0271}.Release|x64.Build.0 = Release|x64
		{6946CA48-2E7E-4770-9D61-0F59C02D0271}.Release|x86.ActiveCfg = Release|Win32
		{6946CA48-2E7E-4770-9D61-0F59C02D0271}.Release|x86.Build.0 = Release|Win32
		{C0772B63-3097-4CFB-A3B5-266D9144B6C4}.Debug|Any CPU.ActiveCfg = Debug|x64
		{C0772B63-3097-4CFB-A3B5-266D9144B6C4}.Debug|Any CPU.Build.0 = Debug|x64
		{C0772B63-3097-4CFB-A3B5-266D9144B6C4}.Debug|x64.ActiveCfg = Debug|x64
		{C0772B63-3097-4CFB-A3B5-266D9144B6C4}.Debug|x64.Build.0 = Debug|x64
		{C0772B63-3097-4CFB-A3B5-266D9144B6C4}.Debug|x86.ActiveCfg = Debug|Win32
		{C0772B63-3097-4CFB-A3B5-266D9144B6C4}.Debug|x86.Build.0 = Debug|Win32
		{C0772B63-3097-4CFB-A3B5-266D9144B6C4}.Release|Any CPU.ActiveCfg = Release|x64
		{C0772B63-3097-4CFB-A3B5-266D9144B6C4}.Release|Any CPU.Build.0 = Release|x64
		{C0772B63-3097-4CFB-A3B5-266D9144B6C4}.Release|x64.ActiveCfg = Release|x64
		{C0772B63-3097-4CFB-A3B5-266D9144B6C4}.Release|x64.Build.0 = Release|x64
		{C0772B63-3097-4CFB-A3B5-266D9144B6C4}.Release|x86.ActiveCfg = Release|Win32
		{C0772B63-3097-4CFB-A3B5-266D9144B6C4}.Release|x86.Build.0 = Release|Win32
		{2EBBB8C0-9BBC-4EB0-A1D6-597F46B8D565}.Debug|Any CPU.ActiveCfg = Debug|x64
		{2EBBB8C0-9BBC-4EB0-A1D6-597F46B8D565}.Debug|Any CPU.Build.0 = Debug|x64
		{2EBBB8C0-9BBC-4EB0-A1D6-597F46B8D565}.Debug|x64.ActiveCfg = Debug|x64
		{2EBBB8C0-9BBC-4EB0-A1D6-597F46B8D565}.Debug|x64.Build.0 = Debug|x64
		{2EBBB8C0-9BBC-4EB0-A1D6-597F46B8D565}.Debug|x86.ActiveCfg = Debug|Win32
		{2EBBB8C0-9BBC-4EB0-A1D6-597F46B8D565}.Debug|x86.Build.0 = Debug|Win32
		{2EBBB8C0-9BBC-4EB0-A1D6-597F46B8D565}.Release|Any CPU.ActiveCfg = Release|x64
		{2EBBB8C0-9BBC-4EB0-A1D6-597F46B8D565}.Release|Any CPU.Build.0 = Release|x64
		{2EBBB8C0-9BBC-4EB0-A1D6-597F46B8D565}.Release|x64.ActiveCfg = Release|x64
		{2EBBB8C0-9BBC-4EB0-A1D6-597F46B8D565}.Release|x64.Build.0 = Release|x64
		{2EBBB8C0-9BBC-4EB0-A1D6-597F46B8D565}.Release|x86.ActiveCfg = Release|Win32
		{2EBBB8C0-9BBC-4EB0-A1D6-597F46B8D565}.Release|x86.Build.0 = Release|Win32
		{77D3DA43-3C20-42AD-91B6-8B57069C85AD}.Debug|Any CPU.ActiveCfg = Debug|x64
		{77D3DA43-3C20-42AD-91B6-8B57069C85AD}.Debug|Any CPU.Build.0 = Debug|x64
		{77D3DA43-3C20-42AD-91B6-8B57069C85AD}.Debug|x64.ActiveCfg = Debug|x64
		{77D3DA43-3C20-42AD-91B6-8B57069C85AD}.Debug|x64.Build.0 = Debug|x64
		{77D3DA43-3C20-42AD-91B6-8B57069C85AD}.Debug|x86.ActiveCfg = Debug|Win32
		{77D3DA43-3C20-42AD-91B6-8B57069C85AD}.Debug|x86.Build.0 = Debug|Win32
		{77D3DA43-3C20-42AD-91B6-8B57069C85AD}.Release|Any CPU.ActiveCfg = Release|x64
		{77D3DA43-3C20-42AD-91B6-8B57069C85AD}.Release|Any CPU.Build.0 = Release|x64
		{77D3DA43-3C20-42AD-91B6-8B57069C85AD}.Release|x64.ActiveCfg = Release|x64
		{77D3DA43-3C20-42AD-91B6-8B57069C85AD}.Release|x64.Build.0 = Release|x64
		{77D3DA43-3C20-42AD-91B6-8B57069C85AD}.Release|x86.ActiveCfg = Release|Win32
		{77D3DA43-3C20-42AD-91B6-8B57069C85AD}.Release|x86.Build.0 = Release|Win32
		{0C2A4C4D-D4E4-4B3D-BD9D-2A9CBCA235D8}.Debug|Any CPU.ActiveCfg = Debug|x64
		{0C2A4C4D-D4E4-4B3D-BD9D-2A9CBCA235D8}.Debug|Any CPU.Build.0 = Debug|x64
		{0C2A4C4D-D4E4-4B3D-BD9D-2A9CBCA235D8}.Debug|x64.ActiveCfg = Debug|x64
		{0C2A4C4D-D4E4-4B3D-BD9D-2A9CBCA235D8}.Debug|x64.Build.0 = Debug|x64
		{0C2A4C4D-D4E4-4B3D-BD9D-2A9CBCA235D8}.Debug|x86.ActiveCfg = Debug|Win32
		{0C2A4C4D-D4E4-4B3D-BD9D-2A9CBCA235D8}.Debug|x86.Build.0 = Debug|Win32
		{0C2A4C4D-D4E4-4B3D-BD9D-2A9CBCA235D8}.Release|Any CPU.ActiveCfg = Release|x64
		{0C2A4C4D-D4E4-4B3D-BD9D-2A9CBCA235D8}.Release|Any CPU.Build.0 = Release|x64
		{0C2A4C4D-D4E4-4B3D-BD9D-2A9CBCA235D8}.Release|x64.ActiveCfg = Release|x64
		{0C2A4C4D-D4E4-4B3D-BD9D-2A9CBCA235D8}.Release|x64.Build.0 = Release|x64
		{0C2A4C4D-D4E4-4B3D-BD9D-2A9CBCA235D8}.Release|x86.ActiveCfg = Release|Win32
		{0C2A4C4D-D4E4-4B3D-BD9D-2A9CBCA235D8}.Release|x86.Build.0 = Release|Win32
		{DBF5A10F-CD49-4484-A3F1-03FEEEA381FD}.Debug|Any CPU.ActiveCfg = Debug|x64
		{DBF5A10F-CD49-4484-A3F1-03FEEEA381FD}.Debug|Any CPU.Build.0 = Debug|x64
		{DBF5A10F-CD49-4484-A3F1-03FEEEA381FD}.Debug|x64.ActiveCfg = Debug|x64
		{DBF5A10F-CD49-4484-A3F1-03FEEEA381FD}.Debug|x64.Build.0 = Debug|x64
		{DBF5A10F-CD49-4484-A3F1-03FEEEA381FD}.Debug|x86.ActiveCfg = Debug|Win32
		{DBF5A10F-CD49-4484-A3F1-03FEEEA381FD}.Debug|x86.Build.0 = Debug|Win32
		{DBF5A10F-CD49-4484-A3F1-03FEEEA381FD}.Release|Any CPU.ActiveCfg = Release|x64
		{DBF5A10F-CD49-4484-A3F1-03FEEEA381FD}.Release|Any CPU.Build.0 = Release|x64
		{DBF5A10F-CD49-4484-A3F1-03FEEEA381FD}.Release|x64.ActiveCfg = Release|x64
		{DBF5A10F-CD49-4484-A3F1-03FEEEA381FD}.Release|x64.Build.0 = Release|x64
		{DBF5A10F-CD49-4484-A3F1-03FEEEA381FD}.Release|x86.ActiveCfg = Release|Win32
		{DBF5A10F-CD49-4484-A3F1-03FEEEA381FD}.Release|x86.Build.0 = Release|Win32
		{AB06A248-9165-43FF-A945-63BDFAF0671A}.Debug|Any CPU.ActiveCfg = Debug|Any CPU
		{AB06A248-9165-43FF-A945-63BDFAF0671A}.Debug|Any CPU.Build.0 = Debug|Any CPU
		{AB06A248-9165-43FF-A945-63BDFAF0671A}.Debug|x64.ActiveCfg = Debug|Any CPU
		{AB06A248-9165-43FF-A945-63BDFAF0671A}.Debug|x64.Build.0 = Debug|Any CPU
		{AB06A248-9165-43FF-A945-63BDFAF0671A}.Debug|x86.ActiveCfg = Debug|Any CPU
		{AB06A248-9165-43FF-A945-63BDFAF0671A}.Debug|x86.Build.0 = Debug|Any CPU
		{AB06A248-9165-43FF-A945-63BDFAF0671A}.Release|Any CPU.ActiveCfg = Release|Any CPU
		{AB06A248-9165-43FF-A945-63BDFAF0671A}.Release|Any CPU.Build.0 = Release|Any CPU
		{AB06A248-9165-43FF-A945-63BDFAF0671A}.Release|x64.ActiveCfg = Release|Any CPU
		{AB06A248-9165-43FF-A945-63BDFAF0671A}.Release|x64.Build.0 = Release|Any CPU
		{AB06A248-9165-43FF-A945-63BDFAF0671A}.Release|x86.ActiveCfg = Release|Any CPU
		{AB06A248-9165-43FF-A945-63BDFAF0671A}.Release|x86.Build.0 = Release|Any CPU
		{9D23B4EF-4D7E-4F21-BD12-CA60E0BDA9EC}.Debug|Any CPU.ActiveCfg = Debug|Any CPU
		{9D23B4EF-4D7E-4F21-BD12-CA60E0BDA9EC}.Debug|Any CPU.Build.0 = Debug|Any CPU
		{9D23B4EF-4D7E-4F21-BD12-CA60E0BDA9EC}.Debug|x64.ActiveCfg = Debug|Any CPU
		{9D23B4EF-4D7E-4F21-BD12-CA60E0BDA9EC}.Debug|x64.Build.0 = Debug|Any CPU
		{9D23B4EF-4D7E-4F21-BD12-CA60E0BDA9EC}.Debug|x86.ActiveCfg = Debug|Any CPU
		{9D23B4EF-4D7E-4F21-BD12-CA60E0BDA9EC}.Debug|x86.Build.0 = Debug|Any CPU
		{9D23B4EF-4D7E-4F21-BD12-CA60E0BDA9EC}.Release|Any CPU.ActiveCfg = Release|Any CPU
		{9D23B4EF-4D7E-4F21-BD12-CA60E0BDA9EC}.Release|Any CPU.Build.0 = Release|Any CPU
		{9D23B4EF-4D7E-4F21-BD12-CA60E0BDA9EC}.Release|x64.ActiveCfg = Release|Any CPU
		{9D23B4EF-4D7E-4F21-BD12-CA60E0BDA9EC}.Release|x64.Build.0 = Release|Any CPU
		{9D23B4EF-4D7E-4F21-BD12-CA60E0BDA9EC}.Release|x86.ActiveCfg = Release|Any CPU
		{9D23B4EF-4D7E-4F21-BD12-CA60E0BDA9EC}.Release|x86.Build.0 = Release|Any CPU
		{3DD30B97-9EE0-4082-A2B7-970BE93A3060}.Debug|Any CPU.ActiveCfg = Debug|Any CPU
		{3DD30B97-9EE0-4082-A2B7-970BE93A3060}.Debug|Any CPU.Build.0 = Debug|Any CPU
		{3DD30B97-9EE0-4082-A2B7-970BE93A3060}.Debug|x64.ActiveCfg = Debug|Any CPU
		{3DD30B97-9EE0-4082-A2B7-970BE93A3060}.Debug|x64.Build.0 = Debug|Any CPU
		{3DD30B97-9EE0-4082-A2B7-970BE93A3060}.Debug|x86.ActiveCfg = Debug|Any CPU
		{3DD30B97-9EE0-4082-A2B7-970BE93A3060}.Debug|x86.Build.0 = Debug|Any CPU
		{3DD30B97-9EE0-4082-A2B7-970BE93A3060}.Release|Any CPU.ActiveCfg = Release|Any CPU
		{3DD30B97-9EE0-4082-A2B7-970BE93A3060}.Release|Any CPU.Build.0 = Release|Any CPU
		{3DD30B97-9EE0-4082-A2B7-970BE93A3060}.Release|x64.ActiveCfg = Release|Any CPU
		{3DD30B97-9EE0-4082-A2B7-970BE93A3060}.Release|x64.Build.0 = Release|Any CPU
		{3DD30B97-9EE0-4082-A2B7-970BE93A3060}.Release|x86.ActiveCfg = Release|Any CPU
		{3DD30B97-9EE0-4082-A2B7-970BE93A3060}.Release|x86.Build.0 = Release|Any CPU
	EndGlobalSection
	GlobalSection(SolutionProperties) = preSolution
		HideSolutionNode = FALSE
	EndGlobalSection
	GlobalSection(NestedProjects) = preSolution
		{4F3AE107-3FFD-4D5C-82A8-5034C0041562} = {5530107E-8B7B-4715-8C3F-CF9B7439D9D1}
		{0515BC6D-3FFD-4D0E-87FF-86793DCB777E} = {5530107E-8B7B-4715-8C3F-CF9B7439D9D1}
		{596F0CDD-56FD-406E-A5E4-2D3D5EC7CA78} = {5530107E-8B7B-4715-8C3F-CF9B7439D9D1}
		{C0772B63-3097-4CFB-A3B5-266D9144B6C4} = {3487DEE6-EE57-4467-AEA8-074325E1F3CE}
		{2EBBB8C0-9BBC-4EB0-A1D6-597F46B8D565} = {3487DEE6-EE57-4467-AEA8-074325E1F3CE}
		{77D3DA43-3C20-42AD-91B6-8B57069C85AD} = {52C76541-F7FC-467E-8CE7-5AFA2372D9AB}
		{0C2A4C4D-D4E4-4B3D-BD9D-2A9CBCA235D8} = {5530107E-8B7B-4715-8C3F-CF9B7439D9D1}
		{DBF5A10F-CD49-4484-A3F1-03FEEEA381FD} = {52C76541-F7FC-467E-8CE7-5AFA2372D9AB}
		{6775BC03-3D5E-4F2A-88FA-5CC71C803972} = {52C76541-F7FC-467E-8CE7-5AFA2372D9AB}
		{AB06A248-9165-43FF-A945-63BDFAF0671A} = {6775BC03-3D5E-4F2A-88FA-5CC71C803972}
		{9D23B4EF-4D7E-4F21-BD12-CA60E0BDA9EC} = {6775BC03-3D5E-4F2A-88FA-5CC71C803972}
		{3DD30B97-9EE0-4082-A2B7-970BE93A3060} = {6775BC03-3D5E-4F2A-88FA-5CC71C803972}
	EndGlobalSection
	GlobalSection(ExtensibilityGlobals) = postSolution
		SolutionGuid = {4E82885A-3DEA-4D1E-B354-4DA436183086}
	EndGlobalSection
EndGlobal
