<?xml version="1.0" encoding="utf-8"?>
<Project ToolsVersion="4.0" xmlns="http://schemas.microsoft.com/developer/msbuild/2003">
  <ItemGroup>
    <ClCompile Include="Asset\Loader.cpp">
      <Filter>Asset</Filter>
    </ClCompile>
    <ClCompile Include="Asset\TexCompression.cpp">
      <Filter>Asset</Filter>
    </ClCompile>
    <ClCompile Include="Asset\TextureX.cpp">
      <Filter>Asset</Filter>
    </ClCompile>
    <ClCompile Include="Asset\CompressionBC.cpp">
      <Filter>Asset</Filter>
    </ClCompile>
    <ClCompile Include="Asset\CompressionETC.cpp">
      <Filter>Asset</Filter>
    </ClCompile>
    <ClCompile Include="Asset\EffectX.cpp">
      <Filter>Asset</Filter>
    </ClCompile>
    <ClCompile Include="Asset\EffectAsset.cpp">
      <Filter>Asset</Filter>
    </ClCompile>
    <ClCompile Include="Asset\MeshX.cpp">
      <Filter>Asset</Filter>
    </ClCompile>
    <ClCompile Include="Asset\MaterialX.cpp">
      <Filter>Asset</Filter>
    </ClCompile>
    <ClCompile Include="System\NinthTimer.cpp">
      <Filter>System</Filter>
    </ClCompile>
    <ClCompile Include="Asset\DDSX.cpp">
      <Filter>Asset</Filter>
    </ClCompile>
    <ClCompile Include="System\SystemEnvironment.cpp">
      <Filter>System</Filter>
    </ClCompile>
    <ClCompile Include="Asset\ShaderAsset.cpp">
      <Filter>Asset</Filter>
    </ClCompile>
    <ClCompile Include="Asset\D3DShaderCompiler.cpp">
      <Filter>Asset</Filter>
    </ClCompile>
    <ClCompile Include="Asset\RayTracingX.cpp">
      <Filter>Asset</Filter>
    </ClCompile>
    <ClCompile Include="Plugins\sqlite\sqlite3.c">
      <Filter>Plugins\sqlite</Filter>
    </ClCompile>
    <ClCompile Include="Developer\MeshSimplifier\MeshSimplify.cpp">
      <Filter>Developer\MeshSimplifier</Filter>
    </ClCompile>
    <ClCompile Include="Developer\MeshSimplifier\Quadric.cpp">
      <Filter>Developer\MeshSimplifier</Filter>
    </ClCompile>
    <ClCompile Include="Developer\Nanite\NaniteEncode.cpp">
      <Filter>Developer\Nanite</Filter>
    </ClCompile>
    <ClCompile Include="Developer\Nanite\Cluster.cpp">
      <Filter>Developer\Nanite</Filter>
    </ClCompile>
    <ClCompile Include="Developer\Nanite\ClusterDAG.cpp">
      <Filter>Developer\Nanite</Filter>
    </ClCompile>
    <ClCompile Include="Developer\Nanite\GraphPartitioner.cpp">
      <Filter>Developer\Nanite</Filter>
    </ClCompile>
    <ClCompile Include="Developer\Nanite\NaniteBuilder.cpp">
      <Filter>Developer\Nanite</Filter>
    </ClCompile>
    <ClCompile Include="RenderInterface\Effect\BiltEffect.cpp">
      <Filter>RenderInterface\Effect</Filter>
    </ClCompile>
    <ClCompile Include="RenderInterface\Effect\CopyEffect.cpp">
      <Filter>RenderInterface\Effect</Filter>
    </ClCompile>
    <ClCompile Include="RenderInterface\Effect\Effect.cpp">
      <Filter>RenderInterface\Effect</Filter>
    </ClCompile>
    <ClCompile Include="RenderInterface\BuiltInRayTracingShader.cpp">
      <Filter>RenderInterface</Filter>
    </ClCompile>
    <ClCompile Include="RenderInterface\BuiltInShader.cpp">
      <Filter>RenderInterface</Filter>
    </ClCompile>
    <ClCompile Include="RenderInterface\Color_T.cpp">
      <Filter>RenderInterface</Filter>
    </ClCompile>
    <ClCompile Include="RenderInterface\CommonRenderResources.cpp">
      <Filter>RenderInterface</Filter>
    </ClCompile>
    <ClCompile Include="RenderInterface\DrawEvent.cpp">
      <Filter>RenderInterface</Filter>
    </ClCompile>
    <ClCompile Include="RenderInterface\FrameBuffer.cpp">
      <Filter>RenderInterface</Filter>
    </ClCompile>
    <ClCompile Include="RenderInterface\GraphicsBuffer.cpp">
      <Filter>RenderInterface</Filter>
    </ClCompile>
    <ClCompile Include="RenderInterface\ICommandList.cpp">
      <Filter>RenderInterface</Filter>
    </ClCompile>
    <ClCompile Include="RenderInterface\IContext.cpp">
      <Filter>RenderInterface</Filter>
    </ClCompile>
    <ClCompile Include="RenderInterface\InputLayout.cpp">
      <Filter>RenderInterface</Filter>
    </ClCompile>
    <ClCompile Include="RenderInterface\IRayTracingGeometry.cpp">
      <Filter>RenderInterface</Filter>
    </ClCompile>
    <ClCompile Include="RenderInterface\IRayTracingPipelineState.cpp">
      <Filter>RenderInterface</Filter>
    </ClCompile>
    <ClCompile Include="RenderInterface\IRayTracingScene.cpp">
      <Filter>RenderInterface</Filter>
    </ClCompile>
    <ClCompile Include="RenderInterface\IRayTracingShader.cpp">
      <Filter>RenderInterface</Filter>
    </ClCompile>
    <ClCompile Include="RenderInterface\ITexture.cpp">
      <Filter>RenderInterface</Filter>
    </ClCompile>
    <ClCompile Include="RenderInterface\PipelineStateUtility.cpp">
      <Filter>RenderInterface</Filter>
    </ClCompile>
    <ClCompile Include="RenderInterface\PipleState.cpp">
      <Filter>RenderInterface</Filter>
    </ClCompile>
    <ClCompile Include="RenderInterface\PixelShaderUtils.cpp">
      <Filter>RenderInterface</Filter>
    </ClCompile>
    <ClCompile Include="RenderInterface\RenderObject.cpp">
      <Filter>RenderInterface</Filter>
    </ClCompile>
    <ClCompile Include="RenderInterface\RenderPassInfo.cpp">
      <Filter>RenderInterface</Filter>
    </ClCompile>
    <ClCompile Include="RenderInterface\ResourceView.cpp">
      <Filter>RenderInterface</Filter>
    </ClCompile>
    <ClCompile Include="test.cpp" />
    <ClCompile Include="System\Win32\File.cpp">
      <Filter>System\Win32</Filter>
    </ClCompile>
    <ClCompile Include="System\Win32\NTHandle.cpp">
      <Filter>System\Win32</Filter>
    </ClCompile>
    <ClCompile Include="RenderInterface\CommandListExecutor.cpp">
      <Filter>RenderInterface</Filter>
    </ClCompile>
    <ClCompile Include="RenderInterface\DStorage.cpp">
      <Filter>RenderInterface</Filter>
    </ClCompile>
    <ClCompile Include="D3D12\Adapter.d3d12.cpp">
      <Filter>D3D12</Filter>
    </ClCompile>
    <ClCompile Include="D3D12\Allocation.cpp">
      <Filter>D3D12</Filter>
    </ClCompile>
    <ClCompile Include="D3D12\BuiltInRayTracingShaders.cpp">
      <Filter>D3D12</Filter>
    </ClCompile>
    <ClCompile Include="D3D12\CommandContext.d3d12.cpp">
      <Filter>D3D12</Filter>
    </ClCompile>
    <ClCompile Include="D3D12\CommandList.d3d12.cpp">
      <Filter>D3D12</Filter>
    </ClCompile>
    <ClCompile Include="D3D12\ConstantBuffer.d3d12.cpp">
      <Filter>D3D12</Filter>
    </ClCompile>
    <ClCompile Include="D3D12\Context.d3d12.cpp">
      <Filter>D3D12</Filter>
    </ClCompile>
    <ClCompile Include="D3D12\ContextStateCache.d3d12.cpp">
      <Filter>D3D12</Filter>
    </ClCompile>
    <ClCompile Include="D3D12\Convert.d3d12.cpp">
      <Filter>D3D12</Filter>
    </ClCompile>
    <ClCompile Include="D3D12\d3d12_dxgi.cpp">
      <Filter>D3D12</Filter>
    </ClCompile>
    <ClCompile Include="D3D12\D3D12RayTracing.cpp">
      <Filter>D3D12</Filter>
    </ClCompile>
    <ClCompile Include="D3D12\DescriptorCache.d3d12.cpp">
      <Filter>D3D12</Filter>
    </ClCompile>
    <ClCompile Include="D3D12\Display.d3d12.cpp">
      <Filter>D3D12</Filter>
    </ClCompile>
    <ClCompile Include="D3D12\DXGIAdapter.d3d12.cpp">
      <Filter>D3D12</Filter>
    </ClCompile>
    <ClCompile Include="D3D12\Fence.cpp">
      <Filter>D3D12</Filter>
    </ClCompile>
    <ClCompile Include="D3D12\FrameBuffer.d3d12.cpp">
      <Filter>D3D12</Filter>
    </ClCompile>
    <ClCompile Include="D3D12\GraphicsBuffer.d3d12.cpp">
      <Filter>D3D12</Filter>
    </ClCompile>
    <ClCompile Include="D3D12\GraphicsPipelineState.d3d12.cpp">
      <Filter>D3D12</Filter>
    </ClCompile>
    <ClCompile Include="D3D12\HardwareShader.d3d12.cpp">
      <Filter>D3D12</Filter>
    </ClCompile>
    <ClCompile Include="D3D12\InputLayout.d3d12.cpp">
      <Filter>D3D12</Filter>
    </ClCompile>
    <ClCompile Include="D3D12\NodeDevice.d3d12.cpp">
      <Filter>D3D12</Filter>
    </ClCompile>
    <ClCompile Include="D3D12\PipleState.d3d12.cpp">
      <Filter>D3D12</Filter>
    </ClCompile>
    <ClCompile Include="D3D12\RayContext.cpp">
      <Filter>D3D12</Filter>
    </ClCompile>
    <ClCompile Include="D3D12\RayTracingGeometry.d3d12.cpp">
      <Filter>D3D12</Filter>
    </ClCompile>
    <ClCompile Include="D3D12\RayTracingPipelineState.cpp">
      <Filter>D3D12</Filter>
    </ClCompile>
    <ClCompile Include="D3D12\RayTracingScene.d3d12.cpp">
      <Filter>D3D12</Filter>
    </ClCompile>
    <ClCompile Include="D3D12\RayTracingShader.cpp">
      <Filter>D3D12</Filter>
    </ClCompile>
    <ClCompile Include="D3D12\ResourceHolder.cpp">
      <Filter>D3D12</Filter>
    </ClCompile>
    <ClCompile Include="D3D12\RootSignature.cpp">
      <Filter>D3D12</Filter>
    </ClCompile>
    <ClCompile Include="D3D12\SamplerState.d3d12.cpp">
      <Filter>D3D12</Filter>
    </ClCompile>
    <ClCompile Include="D3D12\ShaderCompose.d3d12.cpp">
      <Filter>D3D12</Filter>
    </ClCompile>
    <ClCompile Include="D3D12\Texture.d3d12.cpp">
      <Filter>D3D12</Filter>
    </ClCompile>
    <ClCompile Include="D3D12\Texture1D.d3d12.cpp">
      <Filter>D3D12</Filter>
    </ClCompile>
    <ClCompile Include="D3D12\Texture2D.d3d12.cpp">
      <Filter>D3D12</Filter>
    </ClCompile>
    <ClCompile Include="D3D12\Texture3D.d3d12.cpp">
      <Filter>D3D12</Filter>
    </ClCompile>
    <ClCompile Include="D3D12\TextureCube.d3d12.cpp">
      <Filter>D3D12</Filter>
    </ClCompile>
    <ClCompile Include="D3D12\Utility.d3d12.cpp">
      <Filter>D3D12</Filter>
    </ClCompile>
    <ClCompile Include="D3D12\VertexDeclaration.d3d12.cpp">
      <Filter>D3D12</Filter>
    </ClCompile>
    <ClCompile Include="D3D12\View.d3d12.cpp">
      <Filter>D3D12</Filter>
    </ClCompile>
    <ClCompile Include="D3D12\DirectStorage.cpp">
      <Filter>D3D12</Filter>
    </ClCompile>
    <ClCompile Include="Asset\DStorageAsset.cpp">
      <Filter>Asset</Filter>
    </ClCompile>
    <ClCompile Include="Runtime\Renderer\DirectionalLight.cpp">
      <Filter>Runtime\Renderer</Filter>
    </ClCompile>
    <ClCompile Include="Runtime\Renderer\GizmosElements.cpp">
      <Filter>Runtime\Renderer</Filter>
    </ClCompile>
    <ClCompile Include="Runtime\Renderer\Light.cpp">
      <Filter>Runtime\Renderer</Filter>
    </ClCompile>
    <ClCompile Include="Runtime\Renderer\Materail.cpp">
      <Filter>Runtime\Renderer</Filter>
    </ClCompile>
    <ClCompile Include="Runtime\Renderer\Mesh.cpp">
      <Filter>Runtime\Renderer</Filter>
    </ClCompile>
    <ClCompile Include="Runtime\Renderer\SceneRendering.cpp">
      <Filter>Runtime\Renderer</Filter>
    </ClCompile>
    <ClCompile Include="Runtime\Renderer\ScreenRendering.cpp">
      <Filter>Runtime\Renderer</Filter>
    </ClCompile>
    <ClCompile Include="Runtime\Renderer\ScreenSpaceDenoiser.cpp">
      <Filter>Runtime\Renderer</Filter>
    </ClCompile>
    <ClCompile Include="Runtime\Renderer\ShadowRendering.cpp">
      <Filter>Runtime\Renderer</Filter>
    </ClCompile>
    <ClCompile Include="Runtime\Renderer\VolumeRendering.cpp">
      <Filter>Runtime\Renderer</Filter>
    </ClCompile>
    <ClCompile Include="Runtime\Renderer\PostProcess\PostProcessCombineLUTs.cpp">
      <Filter>Runtime\Renderer\PostProcess</Filter>
    </ClCompile>
    <ClCompile Include="Runtime\Renderer\PostProcess\PostProcessToneMap.cpp">
      <Filter>Runtime\Renderer\PostProcess</Filter>
    </ClCompile>
    <ClCompile Include="Runtime\Renderer\imgui\imgui_context.cpp">
      <Filter>Runtime\Renderer\imgui</Filter>
    </ClCompile>
    <ClCompile Include="Runtime\AssetResourceScheduler.cpp">
      <Filter>Runtime</Filter>
    </ClCompile>
    <ClCompile Include="Runtime\Camera.cpp">
      <Filter>Runtime</Filter>
    </ClCompile>
    <ClCompile Include="Runtime\CameraController.cpp">
      <Filter>Runtime</Filter>
    </ClCompile>
    <ClCompile Include="Runtime\Compression.cpp">
      <Filter>Runtime</Filter>
    </ClCompile>
    <ClCompile Include="Runtime\MemStack.cpp">
      <Filter>Runtime</Filter>
    </ClCompile>
    <ClCompile Include="Runtime\Path.cpp">
      <Filter>Runtime</Filter>
    </ClCompile>
    <ClCompile Include="Runtime\ResourcesHolder.cpp">
      <Filter>Runtime</Filter>
    </ClCompile>
    <ClCompile Include="Runtime\WSLBuilder.cpp">
      <Filter>Runtime</Filter>
    </ClCompile>
    <ClCompile Include="Runtime\WSLEvaluator.cpp">
      <Filter>Runtime</Filter>
    </ClCompile>
    <ClCompile Include="Core\Compression\lz4.cpp">
      <Filter>Core\Compression</Filter>
    </ClCompile>
    <ClCompile Include="Core\Compression\lz4hc.cpp">
      <Filter>Core\Compression</Filter>
    </ClCompile>
    <ClCompile Include="Core\Container\HashTable.cpp">
      <Filter>Core\Container</Filter>
    </ClCompile>
    <ClCompile Include="Core\Coroutine\AsyncStream.cpp">
      <Filter>Core\Coroutine</Filter>
    </ClCompile>
    <ClCompile Include="Core\Coroutine\file.coroutine.cpp">
      <Filter>Core\Coroutine</Filter>
    </ClCompile>
    <ClCompile Include="Core\Coroutine\file_read_operation.cpp">
      <Filter>Core\Coroutine</Filter>
    </ClCompile>
    <ClCompile Include="Core\Coroutine\file_write_operation.cpp">
      <Filter>Core\Coroutine</Filter>
    </ClCompile>
    <ClCompile Include="Core\Coroutine\IOScheduler.cpp">
      <Filter>Core\Coroutine</Filter>
    </ClCompile>
    <ClCompile Include="Core\Coroutine\readable_file.cpp">
      <Filter>Core\Coroutine</Filter>
    </ClCompile>
    <ClCompile Include="Core\Coroutine\ReadOnlyFile.cpp">
      <Filter>Core\Coroutine</Filter>
    </ClCompile>
    <ClCompile Include="Core\Coroutine\ThreadScheduler.cpp">
      <Filter>Core\Coroutine</Filter>
    </ClCompile>
    <ClCompile Include="Core\Coroutine\writable_file.cpp">
      <Filter>Core\Coroutine</Filter>
    </ClCompile>
    <ClCompile Include="Core\Coroutine\WriteOnlyFile.cpp">
      <Filter>Core\Coroutine</Filter>
    </ClCompile>
    <ClCompile Include="Core\Hash\CityHash.cpp">
      <Filter>Core\Hash</Filter>
    </ClCompile>
    <ClCompile Include="Core\Hash\MessageDigest.cpp">
      <Filter>Core\Hash</Filter>
    </ClCompile>
    <ClCompile Include="Core\Threading\AutoResetEvent.cpp">
      <Filter>Core\Threading</Filter>
    </ClCompile>
    <ClCompile Include="Core\Threading\ManualResetEvent.cpp">
      <Filter>Core\Threading</Filter>
    </ClCompile>
    <ClCompile Include="Core\Threading\SpinMutex.cpp">
      <Filter>Core\Threading</Filter>
    </ClCompile>
    <ClCompile Include="Core\Threading\SpinWait.cpp">
      <Filter>Core\Threading</Filter>
    </ClCompile>
    <ClCompile Include="Core\Threading\TaskScheduler.cpp">
      <Filter>Core\Threading</Filter>
    </ClCompile>
    <ClCompile Include="Core\Threading\Win32Thread.cpp">
      <Filter>Core\Threading</Filter>
    </ClCompile>
    <ClCompile Include="Core\Serialization\Archive.cpp">
      <Filter>Core\Serialization</Filter>
    </ClCompile>
    <ClCompile Include="Core\Serialization\BulkData.cpp">
      <Filter>Core\Serialization</Filter>
    </ClCompile>
    <ClCompile Include="Runtime\Renderer\Trinf.cpp">
      <Filter>Runtime\Renderer</Filter>
    </ClCompile>
    <ClCompile Include="Runtime\RenderCore\ShaderDB.cpp">
      <Filter>Runtime\RenderCore</Filter>
    </ClCompile>
    <ClCompile Include="Runtime\RenderCore\ShaderParametersMetadata.cpp">
      <Filter>Runtime\RenderCore</Filter>
    </ClCompile>
    <ClCompile Include="Runtime\RenderCore\ShaderParameterUtility.cpp">
      <Filter>Runtime\RenderCore</Filter>
    </ClCompile>
    <ClCompile Include="Runtime\RenderCore\ShaderParamterTraits.cpp">
      <Filter>Runtime\RenderCore</Filter>
    </ClCompile>
    <ClCompile Include="Runtime\RenderCore\ShaderResource.cpp">
      <Filter>Runtime\RenderCore</Filter>
    </ClCompile>
    <ClCompile Include="RenderInterface\Shader.cpp">
      <Filter>RenderInterface</Filter>
    </ClCompile>
    <ClCompile Include="RenderInterface\ShaderCore.cpp">
      <Filter>RenderInterface</Filter>
    </ClCompile>
    <ClCompile Include="Runtime\RenderCore\UnifiedBuffer..cpp">
      <Filter>Runtime\RenderCore</Filter>
    </ClCompile>
    <ClCompile Include="D3D12\Descriptors.cpp">
      <Filter>D3D12</Filter>
    </ClCompile>
    <ClCompile Include="D3D12\Submission.cpp">
      <Filter>D3D12</Filter>
    </ClCompile>
    <ClCompile Include="RenderInterface\RenderResource.cpp">
      <Filter>RenderInterface</Filter>
    </ClCompile>
    <ClCompile Include="Runtime\RenderCore\RenderGraph\RenderGraphAllocator.ixx">
      <Filter>Runtime\RenderCore\RenderGraph</Filter>
    </ClCompile>
    <ClCompile Include="Runtime\RenderCore\RenderGraph\RenderGraphBuilder.ixx">
      <Filter>Runtime\RenderCore\RenderGraph</Filter>
    </ClCompile>
    <ClCompile Include="Runtime\RenderCore\RenderGraph\RenderGraphDef.ixx">
      <Filter>Runtime\RenderCore\RenderGraph</Filter>
    </ClCompile>
    <ClCompile Include="Runtime\RenderCore\RenderGraph\RenderGraphModule.ixx">
      <Filter>Runtime\RenderCore\RenderGraph</Filter>
    </ClCompile>
    <ClCompile Include="Runtime\RenderCore\RenderGraph\RenderGraphResource.ixx">
      <Filter>Runtime\RenderCore\RenderGraph</Filter>
    </ClCompile>
    <ClCompile Include="Runtime\RenderCore\RenderGraph\RenderGraphResourcePool.ixx">
      <Filter>Runtime\RenderCore\RenderGraph</Filter>
    </ClCompile>
    <ClCompile Include="Runtime\RenderCore\RenderGraph\Fwd.ixx">
      <Filter>Runtime\RenderCore\RenderGraph</Filter>
    </ClCompile>
  </ItemGroup>
  <ItemGroup>
    <ClInclude Include="Asset\CompressionBC.hpp">
      <Filter>Asset</Filter>
    </ClInclude>
    <ClInclude Include="Asset\CompressionETC.hpp">
      <Filter>Asset</Filter>
    </ClInclude>
    <ClInclude Include="Asset\DDSX.h">
      <Filter>Asset</Filter>
    </ClInclude>
    <ClInclude Include="Asset\Loader.hpp">
      <Filter>Asset</Filter>
    </ClInclude>
    <ClInclude Include="Asset\TexCompression.hpp">
      <Filter>Asset</Filter>
    </ClInclude>
    <ClInclude Include="Asset\TextureX.h">
      <Filter>Asset</Filter>
    </ClInclude>
    <ClInclude Include="Asset\EffectX.h">
      <Filter>Asset</Filter>
    </ClInclude>
    <ClInclude Include="Asset\EffectAsset.h">
      <Filter>Asset</Filter>
    </ClInclude>
    <ClInclude Include="Asset\MeshAsset.h">
      <Filter>Asset</Filter>
    </ClInclude>
    <ClInclude Include="Asset\MeshX.h">
      <Filter>Asset</Filter>
    </ClInclude>
    <ClInclude Include="Asset\MaterialAsset.h">
      <Filter>Asset</Filter>
    </ClInclude>
    <ClInclude Include="Asset\MaterialX.h">
      <Filter>Asset</Filter>
    </ClInclude>
    <ClInclude Include="Asset\WSLAssetX.h">
      <Filter>Asset</Filter>
    </ClInclude>
    <ClInclude Include="System\TimeValue.h">
      <Filter>System</Filter>
    </ClInclude>
    <ClInclude Include="System\NinthTimer.h">
      <Filter>System</Filter>
    </ClInclude>
    <ClInclude Include="System\SystemEnvironment.h">
      <Filter>System</Filter>
    </ClInclude>
    <ClInclude Include="Asset\RayShaderAsset.h">
      <Filter>Asset</Filter>
    </ClInclude>
    <ClInclude Include="Asset\ShaderAsset.h">
      <Filter>Asset</Filter>
    </ClInclude>
    <ClInclude Include="Asset\ShaderLoadingDesc.h">
      <Filter>Asset</Filter>
    </ClInclude>
    <ClInclude Include="Asset\D3DShaderCompiler.h">
      <Filter>Asset</Filter>
    </ClInclude>
    <ClInclude Include="Asset\RayTracingX.h">
      <Filter>Asset</Filter>
    </ClInclude>
    <ClInclude Include="Shaders\SSD\SSDMetadata.h">
      <Filter>Shaders\SSD</Filter>
    </ClInclude>
    <ClInclude Include="Shaders\SSD\SSDSpatialKernel.h">
      <Filter>Shaders\SSD</Filter>
    </ClInclude>
    <ClInclude Include="Shaders\SSD\SSDSignalCore.h">
      <Filter>Shaders\SSD</Filter>
    </ClInclude>
    <ClInclude Include="Shaders\SSD\SSDSignalBufferEncoding.h">
      <Filter>Shaders\SSD</Filter>
    </ClInclude>
    <ClInclude Include="Shaders\SSD\SSDCommon.h">
      <Filter>Shaders\SSD</Filter>
    </ClInclude>
    <ClInclude Include="Shaders\SSD\SSDSignalArray.h">
      <Filter>Shaders\SSD</Filter>
    </ClInclude>
    <ClInclude Include="Shaders\SSD\SSDSignalAccumulator.h">
      <Filter>Shaders\SSD</Filter>
    </ClInclude>
    <ClInclude Include="Shaders\SSD\SSDSignalAccumulatorArray.h">
      <Filter>Shaders\SSD</Filter>
    </ClInclude>
    <ClInclude Include="Shaders\Random.h">
      <Filter>Shaders</Filter>
    </ClInclude>
    <ClInclude Include="Shaders\SSD\SSDSignalFramework.h">
      <Filter>Shaders\SSD</Filter>
    </ClInclude>
    <ClInclude Include="Shaders\SSD\SSDPublicBufferEncoding.h">
      <Filter>Shaders\SSD</Filter>
    </ClInclude>
    <ClInclude Include="Shaders\SSD\SSDSignalCompression.h">
      <Filter>Shaders\SSD</Filter>
    </ClInclude>
    <ClInclude Include="Shaders\Platform.h">
      <Filter>Shaders</Filter>
    </ClInclude>
    <ClInclude Include="Plugins\sqlite\sqlite_orm.h">
      <Filter>Plugins\sqlite</Filter>
    </ClInclude>
    <ClInclude Include="Plugins\sqlite\sqlite3.h">
      <Filter>Plugins\sqlite</Filter>
    </ClInclude>
    <ClInclude Include="Developer\MeshSimplifier\Cache.h">
      <Filter>Developer\MeshSimplifier</Filter>
    </ClInclude>
    <ClInclude Include="Developer\MeshSimplifier\MeshSimplify.h">
      <Filter>Developer\MeshSimplifier</Filter>
    </ClInclude>
    <ClInclude Include="Developer\MeshSimplifier\MeshSimplifyElements.h">
      <Filter>Developer\MeshSimplifier</Filter>
    </ClInclude>
    <ClInclude Include="Developer\MeshSimplifier\MeshTessellate.h">
      <Filter>Developer\MeshSimplifier</Filter>
    </ClInclude>
    <ClInclude Include="Developer\MeshSimplifier\Quadric.h">
      <Filter>Developer\MeshSimplifier</Filter>
    </ClInclude>
    <ClInclude Include="Developer\MeshSimplifier\SimpVert.h">
      <Filter>Developer\MeshSimplifier</Filter>
    </ClInclude>
    <ClInclude Include="Developer\MeshSimplifier\UnrolledLinkList.h">
      <Filter>Developer\MeshSimplifier</Filter>
    </ClInclude>
    <ClInclude Include="Developer\MeshBuild.h">
      <Filter>Developer</Filter>
    </ClInclude>
    <ClInclude Include="Developer\Nanite\NaniteEncode.h">
      <Filter>Developer\Nanite</Filter>
    </ClInclude>
    <ClInclude Include="Developer\Nanite\Cluster.h">
      <Filter>Developer\Nanite</Filter>
    </ClInclude>
    <ClInclude Include="Developer\Nanite\Bounds.h">
      <Filter>Developer\Nanite</Filter>
    </ClInclude>
    <ClInclude Include="Developer\Nanite\GraphPartitioner.h">
      <Filter>Developer\Nanite</Filter>
    </ClInclude>
    <ClInclude Include="Developer\Nanite\ClusterDAG.h">
      <Filter>Developer\Nanite</Filter>
    </ClInclude>
    <ClInclude Include="Developer\Nanite\NaniteBuilder.h">
      <Filter>Developer\Nanite</Filter>
    </ClInclude>
    <ClInclude Include="Shaders\Util.h">
      <Filter>Shaders</Filter>
    </ClInclude>
    <ClInclude Include="Shaders\SSD\SSDDefinitions.h">
      <Filter>Shaders\SSD</Filter>
    </ClInclude>
    <ClInclude Include="RenderInterface\Effect\BiltEffect.h">
      <Filter>RenderInterface\Effect</Filter>
    </ClInclude>
    <ClInclude Include="RenderInterface\Effect\CopyEffect.h">
      <Filter>RenderInterface\Effect</Filter>
    </ClInclude>
    <ClInclude Include="RenderInterface\Effect\Effect.hpp">
      <Filter>RenderInterface\Effect</Filter>
    </ClInclude>
    <ClInclude Include="RenderInterface\Effect\EffectProperty.h">
      <Filter>RenderInterface\Effect</Filter>
    </ClInclude>
    <ClInclude Include="RenderInterface\BuiltInRayTracingShader.h">
      <Filter>RenderInterface</Filter>
    </ClInclude>
    <ClInclude Include="RenderInterface\BuiltInShader.h">
      <Filter>RenderInterface</Filter>
    </ClInclude>
    <ClInclude Include="RenderInterface\Color_T.hpp">
      <Filter>RenderInterface</Filter>
    </ClInclude>
    <ClInclude Include="RenderInterface\CommonRenderResources.h">
      <Filter>RenderInterface</Filter>
    </ClInclude>
    <ClInclude Include="RenderInterface\DataStructures.h">
      <Filter>RenderInterface</Filter>
    </ClInclude>
    <ClInclude Include="RenderInterface\DeviceCaps.h">
      <Filter>RenderInterface</Filter>
    </ClInclude>
    <ClInclude Include="RenderInterface\DrawEvent.h">
      <Filter>RenderInterface</Filter>
    </ClInclude>
    <ClInclude Include="RenderInterface\ICommandContext.h">
      <Filter>RenderInterface</Filter>
    </ClInclude>
    <ClInclude Include="RenderInterface\ICommandList.h">
      <Filter>RenderInterface</Filter>
    </ClInclude>
    <ClInclude Include="RenderInterface\IContext.h">
      <Filter>RenderInterface</Filter>
    </ClInclude>
    <ClInclude Include="RenderInterface\IDevice.h">
      <Filter>RenderInterface</Filter>
    </ClInclude>
    <ClInclude Include="RenderInterface\IDisplay.h">
      <Filter>RenderInterface</Filter>
    </ClInclude>
    <ClInclude Include="RenderInterface\IFormat.hpp">
      <Filter>RenderInterface</Filter>
    </ClInclude>
    <ClInclude Include="RenderInterface\IFrameBuffer.h">
      <Filter>RenderInterface</Filter>
    </ClInclude>
    <ClInclude Include="RenderInterface\IGPUResourceView.h">
      <Filter>RenderInterface</Filter>
    </ClInclude>
    <ClInclude Include="RenderInterface\IGraphicsBuffer.hpp">
      <Filter>RenderInterface</Filter>
    </ClInclude>
    <ClInclude Include="RenderInterface\IGraphicsPipelineState.h">
      <Filter>RenderInterface</Filter>
    </ClInclude>
    <ClInclude Include="RenderInterface\InputLayout.hpp">
      <Filter>RenderInterface</Filter>
    </ClInclude>
    <ClInclude Include="RenderInterface\IRayContext.h">
      <Filter>RenderInterface</Filter>
    </ClInclude>
    <ClInclude Include="RenderInterface\IRayDevice.h">
      <Filter>RenderInterface</Filter>
    </ClInclude>
    <ClInclude Include="RenderInterface\IRayTracingGeometry.h">
      <Filter>RenderInterface</Filter>
    </ClInclude>
    <ClInclude Include="RenderInterface\IRayTracingPipelineState.h">
      <Filter>RenderInterface</Filter>
    </ClInclude>
    <ClInclude Include="RenderInterface\IRayTracingScene.h">
      <Filter>RenderInterface</Filter>
    </ClInclude>
    <ClInclude Include="RenderInterface\IRayTracingShader.h">
      <Filter>RenderInterface</Filter>
    </ClInclude>
    <ClInclude Include="RenderInterface\IShaderCompose.h">
      <Filter>RenderInterface</Filter>
    </ClInclude>
    <ClInclude Include="RenderInterface\ITexture.hpp">
      <Filter>RenderInterface</Filter>
    </ClInclude>
    <ClInclude Include="RenderInterface\PipelineStateUtility.h">
      <Filter>RenderInterface</Filter>
    </ClInclude>
    <ClInclude Include="RenderInterface\PipleState.h">
      <Filter>RenderInterface</Filter>
    </ClInclude>
    <ClInclude Include="RenderInterface\PixelShaderUtils.h">
      <Filter>RenderInterface</Filter>
    </ClInclude>
    <ClInclude Include="RenderInterface\RayTracingDefinitions.h">
      <Filter>RenderInterface</Filter>
    </ClInclude>
    <ClInclude Include="RenderInterface\RenderObject.h">
      <Filter>RenderInterface</Filter>
    </ClInclude>
    <ClInclude Include="RenderInterface\RenderPassInfo.h">
      <Filter>RenderInterface</Filter>
    </ClInclude>
    <ClInclude Include="RenderInterface\TextureSampleDesc.h">
      <Filter>RenderInterface</Filter>
    </ClInclude>
    <ClInclude Include="RenderInterface\ViewPort.h">
      <Filter>RenderInterface</Filter>
    </ClInclude>
    <ClInclude Include="CoreTypes.h" />
    <ClInclude Include="emacro.h" />
    <ClInclude Include="test.h" />
    <ClInclude Include="System\Win32\File.h">
      <Filter>System\Win32</Filter>
    </ClInclude>
    <ClInclude Include="System\Win32\Handle.h">
      <Filter>System\Win32</Filter>
    </ClInclude>
    <ClInclude Include="System\Win32\NTHandle.h">
      <Filter>System\Win32</Filter>
    </ClInclude>
    <ClInclude Include="System\Win32\WindowsPlatformMath.h">
      <Filter>System\Win32</Filter>
    </ClInclude>
    <ClInclude Include="RenderInterface\DStorage.h">
      <Filter>RenderInterface</Filter>
    </ClInclude>
    <ClInclude Include="D3D12\Adapter.h">
      <Filter>D3D12</Filter>
    </ClInclude>
    <ClInclude Include="D3D12\Allocation.h">
      <Filter>D3D12</Filter>
    </ClInclude>
    <ClInclude Include="D3D12\BuiltInRayTracingShaders.h">
      <Filter>D3D12</Filter>
    </ClInclude>
    <ClInclude Include="D3D12\CommandContext.h">
      <Filter>D3D12</Filter>
    </ClInclude>
    <ClInclude Include="D3D12\Common.h">
      <Filter>D3D12</Filter>
    </ClInclude>
    <ClInclude Include="D3D12\ConstantBuffer.h">
      <Filter>D3D12</Filter>
    </ClInclude>
    <ClInclude Include="D3D12\Context.h">
      <Filter>D3D12</Filter>
    </ClInclude>
    <ClInclude Include="D3D12\ContextStateCache.h">
      <Filter>D3D12</Filter>
    </ClInclude>
    <ClInclude Include="D3D12\Convert.h">
      <Filter>D3D12</Filter>
    </ClInclude>
    <ClInclude Include="D3D12\d3d12_dxgi.h">
      <Filter>D3D12</Filter>
    </ClInclude>
    <ClInclude Include="D3D12\D3D12RayTracing.h">
      <Filter>D3D12</Filter>
    </ClInclude>
    <ClInclude Include="D3D12\D3DCommandList.h">
      <Filter>D3D12</Filter>
    </ClInclude>
    <ClInclude Include="D3D12\DescriptorCache.h">
      <Filter>D3D12</Filter>
    </ClInclude>
    <ClInclude Include="D3D12\Display.h">
      <Filter>D3D12</Filter>
    </ClInclude>
    <ClInclude Include="D3D12\DXGIAdapter.h">
      <Filter>D3D12</Filter>
    </ClInclude>
    <ClInclude Include="D3D12\Fence.h">
      <Filter>D3D12</Filter>
    </ClInclude>
    <ClInclude Include="D3D12\FrameBuffer.h">
      <Filter>D3D12</Filter>
    </ClInclude>
    <ClInclude Include="D3D12\GraphicsBuffer.hpp">
      <Filter>D3D12</Filter>
    </ClInclude>
    <ClInclude Include="D3D12\GraphicsPipelineState.h">
      <Filter>D3D12</Filter>
    </ClInclude>
    <ClInclude Include="D3D12\HardwareShader.h">
      <Filter>D3D12</Filter>
    </ClInclude>
    <ClInclude Include="D3D12\InputLayout.hpp">
      <Filter>D3D12</Filter>
    </ClInclude>
    <ClInclude Include="D3D12\NodeDevice.h">
      <Filter>D3D12</Filter>
    </ClInclude>
    <ClInclude Include="D3D12\PipleState.h">
      <Filter>D3D12</Filter>
    </ClInclude>
    <ClInclude Include="D3D12\RayContext.h">
      <Filter>D3D12</Filter>
    </ClInclude>
    <ClInclude Include="D3D12\RayDevice.h">
      <Filter>D3D12</Filter>
    </ClInclude>
    <ClInclude Include="D3D12\RayTracingGeometry.h">
      <Filter>D3D12</Filter>
    </ClInclude>
    <ClInclude Include="D3D12\RayTracingPipelineState.h">
      <Filter>D3D12</Filter>
    </ClInclude>
    <ClInclude Include="D3D12\RayTracingScene.h">
      <Filter>D3D12</Filter>
    </ClInclude>
    <ClInclude Include="D3D12\RayTracingShader.h">
      <Filter>D3D12</Filter>
    </ClInclude>
    <ClInclude Include="D3D12\ResourceHolder.h">
      <Filter>D3D12</Filter>
    </ClInclude>
    <ClInclude Include="D3D12\RootSignature.h">
      <Filter>D3D12</Filter>
    </ClInclude>
    <ClInclude Include="D3D12\SamplerState.h">
      <Filter>D3D12</Filter>
    </ClInclude>
    <ClInclude Include="D3D12\ShaderCompose.h">
      <Filter>D3D12</Filter>
    </ClInclude>
    <ClInclude Include="D3D12\Texture.h">
      <Filter>D3D12</Filter>
    </ClInclude>
    <ClInclude Include="D3D12\Utility.h">
      <Filter>D3D12</Filter>
    </ClInclude>
    <ClInclude Include="D3D12\VertexDeclaration.h">
      <Filter>D3D12</Filter>
    </ClInclude>
    <ClInclude Include="D3D12\View.h">
      <Filter>D3D12</Filter>
    </ClInclude>
    <ClInclude Include="D3D12\DirectStorage.h">
      <Filter>D3D12</Filter>
    </ClInclude>
    <ClInclude Include="RenderInterface\SyncPoint.h">
      <Filter>RenderInterface</Filter>
    </ClInclude>
    <ClInclude Include="Asset\DStorageAsset.h">
      <Filter>Asset</Filter>
    </ClInclude>
    <ClInclude Include="Asset\TrinfAsset.h">
      <Filter>Asset</Filter>
    </ClInclude>
    <ClInclude Include="Asset\FileFormat.h">
      <Filter>Asset</Filter>
    </ClInclude>
    <ClInclude Include="Runtime\Renderer\DirectionalLight.h">
      <Filter>Runtime\Renderer</Filter>
    </ClInclude>
    <ClInclude Include="Runtime\Renderer\GizmosElements.h">
      <Filter>Runtime\Renderer</Filter>
    </ClInclude>
    <ClInclude Include="Runtime\Renderer\Light.h">
      <Filter>Runtime\Renderer</Filter>
    </ClInclude>
    <ClInclude Include="Runtime\Renderer\Materail.h">
      <Filter>Runtime\Renderer</Filter>
    </ClInclude>
    <ClInclude Include="Runtime\Renderer\Mesh.h">
      <Filter>Runtime\Renderer</Filter>
    </ClInclude>
    <ClInclude Include="Runtime\Renderer\Nanite.h">
      <Filter>Runtime\Renderer</Filter>
    </ClInclude>
    <ClInclude Include="Runtime\Renderer\SceneClasses.h">
      <Filter>Runtime\Renderer</Filter>
    </ClInclude>
    <ClInclude Include="Runtime\Renderer\SceneInfo.h">
      <Filter>Runtime\Renderer</Filter>
    </ClInclude>
    <ClInclude Include="Runtime\Renderer\ScreenRendering.h">
      <Filter>Runtime\Renderer</Filter>
    </ClInclude>
    <ClInclude Include="Runtime\Renderer\ScreenSpaceDenoiser.h">
      <Filter>Runtime\Renderer</Filter>
    </ClInclude>
    <ClInclude Include="Runtime\Renderer\ShadowRendering.h">
      <Filter>Runtime\Renderer</Filter>
    </ClInclude>
    <ClInclude Include="Runtime\Renderer\VolumeRendering.h">
      <Filter>Runtime\Renderer</Filter>
    </ClInclude>
    <ClInclude Include="Runtime\Renderer\PostProcess\PostProcessCombineLUTs.h">
      <Filter>Runtime\Renderer\PostProcess</Filter>
    </ClInclude>
    <ClInclude Include="Runtime\Renderer\PostProcess\PostProcessToneMap.h">
      <Filter>Runtime\Renderer\PostProcess</Filter>
    </ClInclude>
    <ClInclude Include="Runtime\Renderer\imgui\imgui_context.h">
      <Filter>Runtime\Renderer\imgui</Filter>
    </ClInclude>
    <ClInclude Include="Runtime\AssetResourceScheduler.h">
      <Filter>Runtime</Filter>
    </ClInclude>
    <ClInclude Include="Runtime\Camera.h">
      <Filter>Runtime</Filter>
    </ClInclude>
    <ClInclude Include="Runtime\CameraController.h">
      <Filter>Runtime</Filter>
    </ClInclude>
    <ClInclude Include="Runtime\Compression.h">
      <Filter>Runtime</Filter>
    </ClInclude>
    <ClInclude Include="Runtime\LFile.h">
      <Filter>Runtime</Filter>
    </ClInclude>
    <ClInclude Include="Runtime\MemStack.h">
      <Filter>Runtime</Filter>
    </ClInclude>
    <ClInclude Include="Runtime\ParallelFor.h">
      <Filter>Runtime</Filter>
    </ClInclude>
    <ClInclude Include="Runtime\Path.h">
      <Filter>Runtime</Filter>
    </ClInclude>
    <ClInclude Include="Runtime\PlatformAtomics.h">
      <Filter>Runtime</Filter>
    </ClInclude>
    <ClInclude Include="Runtime\PlatformMemory.h">
      <Filter>Runtime</Filter>
    </ClInclude>
    <ClInclude Include="Runtime\Resource.h">
      <Filter>Runtime</Filter>
    </ClInclude>
    <ClInclude Include="Runtime\ResourcesHolder.h">
      <Filter>Runtime</Filter>
    </ClInclude>
    <ClInclude Include="Runtime\Sorting.h">
      <Filter>Runtime</Filter>
    </ClInclude>
    <ClInclude Include="Runtime\WSLBuilder.h">
      <Filter>Runtime</Filter>
    </ClInclude>
    <ClInclude Include="Runtime\WSLEvaluator.h">
      <Filter>Runtime</Filter>
    </ClInclude>
    <ClInclude Include="Core\Compression\lz4.h">
      <Filter>Core\Compression</Filter>
    </ClInclude>
    <ClInclude Include="Core\Compression\lz4hc.h">
      <Filter>Core\Compression</Filter>
    </ClInclude>
    <ClInclude Include="Core\Container\BinaryHeap.h">
      <Filter>Core\Container</Filter>
    </ClInclude>
    <ClInclude Include="Core\Container\BitArray.h">
      <Filter>Core\Container</Filter>
    </ClInclude>
    <ClInclude Include="Core\Container\DisjointSet.h">
      <Filter>Core\Container</Filter>
    </ClInclude>
    <ClInclude Include="Core\Container\HashTable.h">
      <Filter>Core\Container</Filter>
    </ClInclude>
    <ClInclude Include="Core\Container\map.hpp">
      <Filter>Core\Container</Filter>
    </ClInclude>
    <ClInclude Include="Core\Container\vector.hpp">
      <Filter>Core\Container</Filter>
    </ClInclude>
    <ClInclude Include="Core\Coroutine\AsyncStream.h">
      <Filter>Core\Coroutine</Filter>
    </ClInclude>
    <ClInclude Include="Core\Coroutine\AwaitableTraits.h">
      <Filter>Core\Coroutine</Filter>
    </ClInclude>
    <ClInclude Include="Core\Coroutine\file.h">
      <Filter>Core\Coroutine</Filter>
    </ClInclude>
    <ClInclude Include="Core\Coroutine\file_read_operation.h">
      <Filter>Core\Coroutine</Filter>
    </ClInclude>
    <ClInclude Include="Core\Coroutine\file_write_operation.hpp">
      <Filter>Core\Coroutine</Filter>
    </ClInclude>
    <ClInclude Include="Core\Coroutine\filemode.h">
      <Filter>Core\Coroutine</Filter>
    </ClInclude>
    <ClInclude Include="Core\Coroutine\get_awaiter.h">
      <Filter>Core\Coroutine</Filter>
    </ClInclude>
    <ClInclude Include="Core\Coroutine\io_state.h">
      <Filter>Core\Coroutine</Filter>
    </ClInclude>
    <ClInclude Include="Core\Coroutine\IOScheduler.h">
      <Filter>Core\Coroutine</Filter>
    </ClInclude>
    <ClInclude Include="Core\Coroutine\is_awaiter.h">
      <Filter>Core\Coroutine</Filter>
    </ClInclude>
    <ClInclude Include="Core\Coroutine\readable_file.h">
      <Filter>Core\Coroutine</Filter>
    </ClInclude>
    <ClInclude Include="Core\Coroutine\ReadOnlyFile.h">
      <Filter>Core\Coroutine</Filter>
    </ClInclude>
    <ClInclude Include="Core\Coroutine\sync_wait_task.h">
      <Filter>Core\Coroutine</Filter>
    </ClInclude>
    <ClInclude Include="Core\Coroutine\SyncWait.h">
      <Filter>Core\Coroutine</Filter>
    </ClInclude>
    <ClInclude Include="Core\Coroutine\Task.h">
      <Filter>Core\Coroutine</Filter>
    </ClInclude>
    <ClInclude Include="Core\Coroutine\ThreadScheduler.h">
      <Filter>Core\Coroutine</Filter>
    </ClInclude>
    <ClInclude Include="Core\Coroutine\when_all_counter.h">
      <Filter>Core\Coroutine</Filter>
    </ClInclude>
    <ClInclude Include="Core\Coroutine\when_all_ready_awaitable.h">
      <Filter>Core\Coroutine</Filter>
    </ClInclude>
    <ClInclude Include="Core\Coroutine\when_all_task.h">
      <Filter>Core\Coroutine</Filter>
    </ClInclude>
    <ClInclude Include="Core\Coroutine\WhenAllReady.h">
      <Filter>Core\Coroutine</Filter>
    </ClInclude>
    <ClInclude Include="Core\Coroutine\writable_file.h">
      <Filter>Core\Coroutine</Filter>
    </ClInclude>
    <ClInclude Include="Core\Coroutine\WriteOnlyFile.h">
      <Filter>Core\Coroutine</Filter>
    </ClInclude>
    <ClInclude Include="Core\Hash\CityHash.h">
      <Filter>Core\Hash</Filter>
    </ClInclude>
    <ClInclude Include="Core\Hash\MessageDigest.h">
      <Filter>Core\Hash</Filter>
    </ClInclude>
    <ClInclude Include="Core\Hash\Murmur.h">
      <Filter>Core\Hash</Filter>
    </ClInclude>
    <ClInclude Include="Core\Math\BoxSphereBounds.h">
      <Filter>Core\Math</Filter>
    </ClInclude>
    <ClInclude Include="Core\Math\Float32.h">
      <Filter>Core\Math</Filter>
    </ClInclude>
    <ClInclude Include="Core\Math\IntRect.h">
      <Filter>Core\Math</Filter>
    </ClInclude>
    <ClInclude Include="Core\Math\InverseRotationMatrix.h">
      <Filter>Core\Math</Filter>
    </ClInclude>
    <ClInclude Include="Core\Math\PlatformMath.h">
      <Filter>Core\Math</Filter>
    </ClInclude>
    <ClInclude Include="Core\Math\RotationMatrix.h">
      <Filter>Core\Math</Filter>
    </ClInclude>
    <ClInclude Include="Core\Math\Rotator.h">
      <Filter>Core\Math</Filter>
    </ClInclude>
    <ClInclude Include="Core\Math\ScaleMatrix.h">
      <Filter>Core\Math</Filter>
    </ClInclude>
    <ClInclude Include="Core\Math\ShadowProjectionMatrix.h">
      <Filter>Core\Math</Filter>
    </ClInclude>
    <ClInclude Include="Core\Math\Sphere.h">
      <Filter>Core\Math</Filter>
    </ClInclude>
    <ClInclude Include="Core\Math\TranslationMatrix.h">
      <Filter>Core\Math</Filter>
    </ClInclude>
    <ClInclude Include="Core\Threading\AutoResetEvent.h">
      <Filter>Core\Threading</Filter>
    </ClInclude>
    <ClInclude Include="Core\Threading\ManualResetEvent.h">
      <Filter>Core\Threading</Filter>
    </ClInclude>
    <ClInclude Include="Core\Threading\SpinMutex.h">
      <Filter>Core\Threading</Filter>
    </ClInclude>
    <ClInclude Include="Core\Threading\SpinWait.h">
      <Filter>Core\Threading</Filter>
    </ClInclude>
    <ClInclude Include="Core\Threading\TaskScheduler.h">
      <Filter>Core\Threading</Filter>
    </ClInclude>
    <ClInclude Include="Core\Serialization\Archive.h">
      <Filter>Core\Serialization</Filter>
    </ClInclude>
    <ClInclude Include="Core\Serialization\AsyncArchive.h">
      <Filter>Core\Serialization</Filter>
    </ClInclude>
    <ClInclude Include="Core\Serialization\BulkData.h">
      <Filter>Core\Serialization</Filter>
    </ClInclude>
    <ClInclude Include="Core\Serialization\MemoryArchive.h">
      <Filter>Core\Serialization</Filter>
    </ClInclude>
    <ClInclude Include="Core\Serialization\MemoryReader.h">
      <Filter>Core\Serialization</Filter>
    </ClInclude>
    <ClInclude Include="Core\Serialization\MemoryWriter.h">
      <Filter>Core\Serialization</Filter>
    </ClInclude>
    <ClInclude Include="Core\PlatformAtomics.h">
      <Filter>Core</Filter>
    </ClInclude>
    <ClInclude Include="Core\PlatformMemory.h">
      <Filter>Core</Filter>
    </ClInclude>
    <ClInclude Include="Runtime\Renderer\Trinf.h">
      <Filter>Runtime\Renderer</Filter>
    </ClInclude>
    <ClInclude Include="Runtime\RenderCore\UnifiedBuffer.h">
      <Filter>Runtime\RenderCore</Filter>
    </ClInclude>
    <ClInclude Include="Runtime\RenderCore\ShaderDB.h">
      <Filter>Runtime\RenderCore</Filter>
    </ClInclude>
    <ClInclude Include="Runtime\RenderCore\ShaderParameters.h">
      <Filter>Runtime\RenderCore</Filter>
    </ClInclude>
    <ClInclude Include="Runtime\RenderCore\ShaderParametersMetadata.h">
      <Filter>Runtime\RenderCore</Filter>
    </ClInclude>
    <ClInclude Include="Runtime\RenderCore\ShaderParameterStruct.h">
      <Filter>Runtime\RenderCore</Filter>
    </ClInclude>
    <ClInclude Include="Runtime\RenderCore\ShaderParamterTraits.hpp">
      <Filter>Runtime\RenderCore</Filter>
    </ClInclude>
    <ClInclude Include="Runtime\RenderCore\ShaderTextureTraits.hpp">
      <Filter>Runtime\RenderCore</Filter>
    </ClInclude>
    <ClInclude Include="RenderInterface\Shader.h">
      <Filter>RenderInterface</Filter>
    </ClInclude>
    <ClInclude Include="RenderInterface\ShaderCore.h">
      <Filter>RenderInterface</Filter>
    </ClInclude>
    <ClInclude Include="RenderInterface\ShaderPermutation.h">
      <Filter>RenderInterface</Filter>
    </ClInclude>
    <ClInclude Include="Runtime\RenderCore\Dispatch.h">
      <Filter>Runtime\RenderCore</Filter>
    </ClInclude>
    <ClInclude Include="RenderInterface\Indirect.h">
      <Filter>RenderInterface</Filter>
    </ClInclude>
    <ClInclude Include="RenderInterface\VertexDecl.h">
      <Filter>RenderInterface</Filter>
    </ClInclude>
    <ClInclude Include="D3D12\Descriptors.h">
      <Filter>D3D12</Filter>
    </ClInclude>
    <ClInclude Include="D3D12\NodeQueue.h">
      <Filter>D3D12</Filter>
    </ClInclude>
    <ClInclude Include="D3D12\Submission.h">
      <Filter>D3D12</Filter>
    </ClInclude>
    <ClInclude Include="Core\Threading\Thread.h">
      <Filter>Core\Threading</Filter>
    </ClInclude>
    <ClInclude Include="RenderInterface\RenderResource.h">
      <Filter>RenderInterface</Filter>
    </ClInclude>
    <ClInclude Include="Runtime\RenderCore\RenderGraph\RenderGraphFwd.h">
      <Filter>Runtime\RenderCore\RenderGraph</Filter>
    </ClInclude>
  </ItemGroup>
  <ItemGroup>
    <Filter Include="Asset">
      <UniqueIdentifier>{6fe807d3-6fd9-4d67-906d-40208594580a}</UniqueIdentifier>
    </Filter>
    <Filter Include="System">
      <UniqueIdentifier>{0005d704-97d9-4add-85d4-7c2e2e625828}</UniqueIdentifier>
    </Filter>
    <Filter Include="Shaders">
      <UniqueIdentifier>{560ae77a-67da-46fd-b918-dad253d018e2}</UniqueIdentifier>
    </Filter>
    <Filter Include="Shaders\RayTracing">
      <UniqueIdentifier>{73f3839e-b5c2-4624-b87b-281acaaa2950}</UniqueIdentifier>
    </Filter>
    <Filter Include="Shaders\PostProcess">
      <UniqueIdentifier>{12c18834-075b-4cc8-9dc6-689f35954d1e}</UniqueIdentifier>
    </Filter>
    <Filter Include="Shaders\imgui">
      <UniqueIdentifier>{a6aa923e-d059-4ce1-b801-e3785e526cd7}</UniqueIdentifier>
    </Filter>
    <Filter Include="Shaders\Legacy">
      <UniqueIdentifier>{439bc9dd-f311-48e1-8f4d-e393f3e1bb6d}</UniqueIdentifier>
    </Filter>
    <Filter Include="Shaders\SSD">
      <UniqueIdentifier>{4cabf620-236e-4148-aa2b-a7059b3445ff}</UniqueIdentifier>
    </Filter>
    <Filter Include="Shaders\SSD\Shadow">
      <UniqueIdentifier>{68c1b9f6-f60c-4604-a01d-0041c1eddf2e}</UniqueIdentifier>
    </Filter>
    <Filter Include="Runtime">
      <UniqueIdentifier>{0652b36a-68ef-4cfe-b077-d44ab03e3ad0}</UniqueIdentifier>
    </Filter>
    <Filter Include="Plugins">
      <UniqueIdentifier>{11f9c427-da87-4b6c-b09c-6b252d3c752c}</UniqueIdentifier>
    </Filter>
    <Filter Include="Plugins\sqlite">
      <UniqueIdentifier>{7a47ae44-a60e-49c7-83f8-d7bfe26fb855}</UniqueIdentifier>
    </Filter>
    <Filter Include="Developer">
      <UniqueIdentifier>{a9ea965d-c745-47a2-b1ad-79385f34613e}</UniqueIdentifier>
    </Filter>
    <Filter Include="Developer\MeshSimplifier">
      <UniqueIdentifier>{aa389c22-5081-45a3-80c2-585f9b1a2e7e}</UniqueIdentifier>
    </Filter>
    <Filter Include="Developer\Nanite">
      <UniqueIdentifier>{b5959718-dad7-408f-aa09-00c835d55dc8}</UniqueIdentifier>
    </Filter>
    <Filter Include="RenderInterface">
      <UniqueIdentifier>{5b26259c-bdd7-411b-a6cb-36c3e5376e43}</UniqueIdentifier>
    </Filter>
    <Filter Include="RenderInterface\Effect">
      <UniqueIdentifier>{2f13adcf-582b-42d5-ae5a-cbd369ded2c3}</UniqueIdentifier>
    </Filter>
    <Filter Include="RenderInterface\Material">
      <UniqueIdentifier>{661cd8e8-d189-4430-94d4-c68076f60cd9}</UniqueIdentifier>
    </Filter>
    <Filter Include="System\Win32">
      <UniqueIdentifier>{f25aa773-20ec-4ddc-a773-3f1b98659fc5}</UniqueIdentifier>
    </Filter>
    <Filter Include="D3D12">
      <UniqueIdentifier>{f168abe1-4489-4654-9309-4ca43254456c}</UniqueIdentifier>
    </Filter>
    <Filter Include="Runtime\Renderer">
      <UniqueIdentifier>{b7649f30-fc79-43ee-822e-8c91c73332c2}</UniqueIdentifier>
    </Filter>
    <Filter Include="Runtime\Renderer\PostProcess">
      <UniqueIdentifier>{13811411-eaf2-4603-a4a1-32513bf1e4cf}</UniqueIdentifier>
    </Filter>
    <Filter Include="Runtime\Renderer\imgui">
      <UniqueIdentifier>{0a6189e7-13dd-46ee-8ac9-a35a64ee13a4}</UniqueIdentifier>
    </Filter>
    <Filter Include="Core">
      <UniqueIdentifier>{c4e85175-8881-4bd3-b952-7da7f1263617}</UniqueIdentifier>
    </Filter>
    <Filter Include="Core\Compression">
      <UniqueIdentifier>{b6a4d3d7-338a-4051-92c9-de064223c8d8}</UniqueIdentifier>
    </Filter>
    <Filter Include="Core\Container">
      <UniqueIdentifier>{2103cf07-5e9f-4ce4-89f3-002efb8acc3d}</UniqueIdentifier>
    </Filter>
    <Filter Include="Core\Coroutine">
      <UniqueIdentifier>{e90f32b2-339c-43a5-848a-ddeedb8c8e2e}</UniqueIdentifier>
    </Filter>
    <Filter Include="Core\Hash">
      <UniqueIdentifier>{02d2d277-e058-437a-881c-96d32a2ec782}</UniqueIdentifier>
    </Filter>
    <Filter Include="Core\Math">
      <UniqueIdentifier>{ac203b50-a783-489d-ba52-1e29173875b2}</UniqueIdentifier>
    </Filter>
    <Filter Include="Core\Serialization">
      <UniqueIdentifier>{5c8a480a-6c21-49f6-9d96-91f99bc2ef01}</UniqueIdentifier>
    </Filter>
    <Filter Include="Core\Threading">
      <UniqueIdentifier>{ba8e5599-55ef-4f38-904b-e05d25432ec4}</UniqueIdentifier>
    </Filter>
    <Filter Include="Runtime\RenderCore">
      <UniqueIdentifier>{e687d0e2-f2d3-4fd9-9cf4-24aa77da22b0}</UniqueIdentifier>
    </Filter>
    <Filter Include="Runtime\RenderCore\RenderGraph">
      <UniqueIdentifier>{3f70aa23-f1e4-4796-888d-722b4efcfca4}</UniqueIdentifier>
    </Filter>
  </ItemGroup>
  <ItemGroup>
    <None Include="Shaders\RayTracing\RayTracingHitGroupCommon.wsl">
      <Filter>Shaders\RayTracing</Filter>
    </None>
    <None Include="Shaders\RayTracing\RayTracingBuiltInResources.wsl">
      <Filter>Shaders\RayTracing</Filter>
    </None>
    <None Include="Shaders\RayTracing\RayTracingScreenSpaceShadow.wsl">
      <Filter>Shaders\RayTracing</Filter>
    </None>
    <None Include="Shaders\RayTracing\RayTracingCommon.h">
      <Filter>Shaders\RayTracing</Filter>
    </None>
    <None Include="Shaders\RayTracing\RayTracingDefaultHitShaders.wsl">
      <Filter>Shaders\RayTracing</Filter>
    </None>
    <None Include="Shaders\RayTracing\RayTracingBuiltInShaders.wsl">
      <Filter>Shaders\RayTracing</Filter>
    </None>
    <None Include="Shaders\PostProcess\PostProcessCombineLUTs.wsl">
      <Filter>Shaders\PostProcess</Filter>
    </None>
    <None Include="Shaders\PostProcess\VolumeRendering.wsl">
      <Filter>Shaders\PostProcess</Filter>
    </None>
    <None Include="Shaders\PostProcess\PostProcessToneMap.wsl">
      <Filter>Shaders\PostProcess</Filter>
    </None>
    <None Include="Shaders\imgui\imgui.wsl">
      <Filter>Shaders\imgui</Filter>
    </None>
    <None Include="Shaders\RayTracing\RayTracingDirectionalLight.h">
      <Filter>Shaders\RayTracing</Filter>
    </None>
    <None Include="Shaders\SSD\Shadow\SSDInjest.wsl">
      <Filter>Shaders\SSD\Shadow</Filter>
    </None>
    <None Include="Shaders\SSD\Shadow\SSDSpatialAccumulation.wsl">
      <Filter>Shaders\SSD\Shadow</Filter>
    </None>
    <None Include="Shaders\RandomSequence.h">
      <Filter>Shaders</Filter>
    </None>
    <None Include="Shaders\MonteCarlo.h">
      <Filter>Shaders</Filter>
    </None>
    <None Include="Shaders\Common.h">
      <Filter>Shaders</Filter>
    </None>
    <None Include="Shaders\ACES.h">
      <Filter>Shaders</Filter>
    </None>
    <None Include="Shaders\GammaCorrectionCommon.h">
      <Filter>Shaders</Filter>
    </None>
    <None Include="Shaders\PostProcess\TonemapCommon.h">
      <Filter>Shaders\PostProcess</Filter>
    </None>
    <None Include="Shaders\ShadowDepthPixelShader.wsl">
      <Filter>Shaders</Filter>
    </None>
    <None Include="Shaders\ShadowDepthVertexShader.wsl">
      <Filter>Shaders</Filter>
    </None>
    <None Include="Shaders\ShadowProjectionPixelShader.wsl">
      <Filter>Shaders</Filter>
    </None>
    <None Include="Shaders\GizmosElementsVertexShader.wsl">
      <Filter>Shaders</Filter>
    </None>
    <None Include="Shaders\GizmosPixelShader.wsl">
      <Filter>Shaders</Filter>
    </None>
    <None Include="RenderInterface\Effect\Bilt.wsl">
      <Filter>RenderInterface\Effect</Filter>
    </None>
    <None Include="RenderInterface\Effect\brdf_common.wsl">
      <Filter>RenderInterface\Effect</Filter>
    </None>
    <None Include="RenderInterface\Effect\Copy.wsl">
      <Filter>RenderInterface\Effect</Filter>
    </None>
    <None Include="RenderInterface\Effect\DirectLight.wsl">
      <Filter>RenderInterface\Effect</Filter>
    </None>
    <None Include="RenderInterface\Effect\ForwardDirectLightShading.wsl">
      <Filter>RenderInterface\Effect</Filter>
    </None>
    <None Include="RenderInterface\Effect\material.wsl">
      <Filter>RenderInterface\Effect</Filter>
    </None>
    <None Include="RenderInterface\Effect\PostProcess.wsl">
      <Filter>RenderInterface\Effect</Filter>
    </None>
    <None Include="RenderInterface\Effect\PreZ.wsl">
      <Filter>RenderInterface\Effect</Filter>
    </None>
    <None Include="RenderInterface\Material\FPDS.mat.wsl">
      <Filter>RenderInterface\Material</Filter>
    </None>
    <None Include="RenderInterface\CommonTextureImpl.hcc">
      <Filter>RenderInterface</Filter>
    </None>
    <None Include="packages.config" />
    <None Include="Shaders\ByteBuffer.hlsl">
      <Filter>Shaders</Filter>
    </None>
  </ItemGroup>
  <ItemGroup>
    <Text Include="Shaders\ShadowProjectionVertexShader.wsl">
      <Filter>Shaders</Filter>
    </Text>
  </ItemGroup>
</Project>