<?xml version="1.0" encoding="utf-8"?>
<Project ToolsVersion="4.0" xmlns="http://schemas.microsoft.com/developer/msbuild/2003">
  <ItemGroup>
    <ClCompile Include="TestFramework.cpp" />
    <ClCompile Include="EntityComponentSystem\EntitySystem.cpp">
      <Filter>EntityComponentSystem</Filter>
    </ClCompile>
    <ClCompile Include="EntityComponentSystem\Entity.cpp">
      <Filter>EntityComponentSystem</Filter>
    </ClCompile>
    <ClCompile Include="EntityComponentSystem\System.cpp">
      <Filter>EntityComponentSystem</Filter>
    </ClCompile>
    <ClCompile Include="EntityComponentSystem\Component.cpp">
      <Filter>EntityComponentSystem</Filter>
    </ClCompile>
    <ClCompile Include="Scene\SceneComponent.cpp">
      <Filter>Scene</Filter>
    </ClCompile>
    <ClCompile Include="Scene\SceneSystem.cpp">
      <Filter>Scene</Filter>
    </ClCompile>
    <ClCompile Include="wWinMain.cpp" />
    <ClCompile Include="imgui\imgui_impl_win32.cpp">
      <Filter>imgui</Filter>
    </ClCompile>
    <ClCompile Include="Entities.cpp" />
  </ItemGroup>
  <ItemGroup>
    <ClInclude Include="TestFramework.h" />
    <ClInclude Include="EntityComponentSystem\ECSCommon.h">
      <Filter>EntityComponentSystem</Filter>
    </ClInclude>
    <ClInclude Include="EntityComponentSystem\System.h">
      <Filter>EntityComponentSystem</Filter>
    </ClInclude>
    <ClInclude Include="EntityComponentSystem\EntitySystem.h">
      <Filter>EntityComponentSystem</Filter>
    </ClInclude>
    <ClInclude Include="EntityComponentSystem\Entity.h">
      <Filter>EntityComponentSystem</Filter>
    </ClInclude>
    <ClInclude Include="EntityComponentSystem\ECSException.h">
      <Filter>EntityComponentSystem</Filter>
    </ClInclude>
    <ClInclude Include="EntityComponentSystem\Component.h">
      <Filter>EntityComponentSystem</Filter>
    </ClInclude>
    <ClInclude Include="EntityComponentSystem\ecsmsgdef.h">
      <Filter>EntityComponentSystem</Filter>
    </ClInclude>
    <ClInclude Include="Scene\SceneComponent.h">
      <Filter>Scene</Filter>
    </ClInclude>
    <ClInclude Include="Scene\SceneSystem.h">
      <Filter>Scene</Filter>
    </ClInclude>
    <ClInclude Include="Scene\CameraComponent.h">
      <Filter>Scene</Filter>
    </ClInclude>
    <ClInclude Include="Scene\MeshRendererComponent.h">
      <Filter>Scene</Filter>
    </ClInclude>
    <ClInclude Include="imgui\imgui_impl_win32.h">
      <Filter>imgui</Filter>
    </ClInclude>
    <ClInclude Include="Entities.h" />
  </ItemGroup>
  <ItemGroup>
    <Filter Include="EntityComponentSystem">
      <UniqueIdentifier>{0b0bc858-b528-4ab4-9458-c1807088b76a}</UniqueIdentifier>
    </Filter>
    <Filter Include="Scene">
      <UniqueIdentifier>{b2099af2-f6e3-4d80-97ab-09a046886c9c}</UniqueIdentifier>
    </Filter>
    <Filter Include="imgui">
      <UniqueIdentifier>{a389932c-3be9-4b9e-b9d5-ab1bdd4a9888}</UniqueIdentifier>
    </Filter>
  </ItemGroup>
</Project>